{
  "name": "zig-oasis",
  "version": "1.0.0",
  "lockfileVersion": 1,
  "requires": true,
  "dependencies": {
    "@oasislabs/client": {
      "version": "1.0.0-rc.6",
      "resolved": "https://registry.npmjs.org/@oasislabs/client/-/client-1.0.0-rc.6.tgz",
      "integrity": "sha512-2LlTITCplU/ru//NEL5AB51L6Cc1oq2R9DxWfX7wdvuNEYK/5oix6l/G4KLclAsUj5EVeE/zZLGID/v2THRlFw==",
      "requires": {
        "@oasislabs/common": "^1.0.0-rc.3",
        "@oasislabs/ethereum": "^1.0.0-rc.5",
        "@oasislabs/gateway": "^1.0.0-rc.5",
        "@oasislabs/service": "^1.0.0-rc.5",
        "js-sha3": "^0.8.0"
      }
    },
    "@oasislabs/common": {
      "version": "1.0.0-rc.3",
      "resolved": "https://registry.npmjs.org/@oasislabs/common/-/common-1.0.0-rc.3.tgz",
      "integrity": "sha512-o1X60i6IusZhjxMApmeVsieakWy10J0XmTI2/m+OsnLOLVPr93iWyXrgZxs7j3WMkq8oVfZFFnwCBcIjiAVIGg==",
      "requires": {
        "@oasislabs/types": "^1.0.0-rc.0",
        "cbor-js": "^0.1.0"
      }
    },
    "@oasislabs/confidential": {
      "version": "1.0.0-rc.3",
      "resolved": "https://registry.npmjs.org/@oasislabs/confidential/-/confidential-1.0.0-rc.3.tgz",
      "integrity": "sha512-8IWDqp77HlD746K2i2B1TZUuvRX0YHhHtsK+tFPakJfallQ8VlkEr2ezJs5bk0Parm0ExjZkQ/N2HGAmzCXgEw==",
      "requires": {
        "@oasislabs/common": "^1.0.0-rc.3",
        "@oasislabs/types": "^1.0.0-rc.0",
        "deoxysii": "^0.0.2",
        "node-localstorage": "^1.3.1",
        "tweetnacl": "^1.0.1"
      }
    },
    "@oasislabs/ethereum": {
      "version": "1.0.0-rc.5",
      "resolved": "https://registry.npmjs.org/@oasislabs/ethereum/-/ethereum-1.0.0-rc.5.tgz",
      "integrity": "sha512-Q2nP7iHki6/4zXDhWypshzjeQq/5ka4PI0OtuaVrb39ysvFA3j/xwBymSesfeQpsG9CslNdKiEnlRa/et4CL7Q==",
      "requires": {
        "@oasislabs/common": "^1.0.0-rc.3",
        "@oasislabs/service": "^1.0.0-rc.5",
        "@oasislabs/test": "^1.0.0-rc.5",
        "axios": "^0.18.0",
        "ethers": "^4.0.27",
        "eventemitter3": "^3.1.2",
        "js-sha3": "^0.8.0",
        "node-localstorage": "^1.3.1",
        "ws": "^7.1.0"
      }
    },
    "@oasislabs/gateway": {
      "version": "1.0.0-rc.5",
      "resolved": "https://registry.npmjs.org/@oasislabs/gateway/-/gateway-1.0.0-rc.5.tgz",
      "integrity": "sha512-ZP08Co4chf/TD9Q/Dxp2G2Vw+3Rhrkf/5+8kuvRVAPdvQL2jkHSJ6mNswvM6tGTXMIO48xq3BjYu6kpjbAAfmw==",
      "requires": {
        "@oasislabs/common": "^1.0.0-rc.3",
        "@oasislabs/service": "^1.0.0-rc.5",
        "@oasislabs/types": "^1.0.0-rc.0",
        "axios": "^0.18.0"
      }
    },
    "@oasislabs/service": {
      "version": "1.0.0-rc.5",
      "resolved": "https://registry.npmjs.org/@oasislabs/service/-/service-1.0.0-rc.5.tgz",
      "integrity": "sha512-zfELpCVdBxOvQ7NThe1cli7DxHuaKyoA6UAHlEQf8UuxmqAufHzRWhA5IPhY15Pz10pvPsW1qA6gdqGDIBjSHw==",
      "requires": {
        "@oasislabs/common": "^1.0.0-rc.3",
        "@oasislabs/confidential": "^1.0.0-rc.3",
        "@oasislabs/types": "^1.0.0-rc.0",
        "eventemitter3": "^3.1.2",
        "js-sha3": "^0.8.0",
        "pako": "^1.0.10"
      }
    },
    "@oasislabs/test": {
      "version": "1.0.0-rc.5",
      "resolved": "https://registry.npmjs.org/@oasislabs/test/-/test-1.0.0-rc.5.tgz",
      "integrity": "sha512-o7x5UrP3vC8YX6iI7q2ZWXOvfUaask7VLrEa7xI6wpRkQIermSe+0JVVc7FCn/WwITqP8gd2qM7jKmPmrFmBUw==",
      "requires": {
        "@oasislabs/common": "^1.0.0-rc.3",
        "@oasislabs/service": "^1.0.0-rc.5"
      }
    },
    "@oasislabs/types": {
      "version": "1.0.0-rc.0",
      "resolved": "https://registry.npmjs.org/@oasislabs/types/-/types-1.0.0-rc.0.tgz",
      "integrity": "sha512-EhI3pHfbJFwElzaXtvhO4IQeydjaUkSFWAxLjBdqBj/0j8tzM1q55nSxDm16/Eg+8ZnnzLz7PbNVFok8QOb0kQ=="
    },
    "@types/node": {
      "version": "10.14.13",
      "resolved": "https://registry.npmjs.org/@types/node/-/node-10.14.13.tgz",
      "integrity": "sha512-yN/FNNW1UYsRR1wwAoyOwqvDuLDtVXnaJTZ898XIw/Q5cCaeVAlVwvsmXLX5PuiScBYwZsZU4JYSHB3TvfdwvQ=="
    },
    "aes-js": {
      "version": "3.0.0",
      "resolved": "https://registry.npmjs.org/aes-js/-/aes-js-3.0.0.tgz",
      "integrity": "sha1-4h3xCtbCBTKVvLuNq0Cwnb6ofk0="
    },
    "axios": {
      "version": "0.18.1",
      "resolved": "https://registry.npmjs.org/axios/-/axios-0.18.1.tgz",
      "integrity": "sha512-0BfJq4NSfQXd+SkFdrvFbG7addhYSBA2mQwISr46pD6E5iqkWg02RAs8vyTT/j0RTnoYmeXauBuSv1qKwR179g==",
      "requires": {
        "follow-redirects": "1.5.10",
        "is-buffer": "^2.0.2"
      }
    },
    "bn.js": {
      "version": "4.11.8",
      "resolved": "https://registry.npmjs.org/bn.js/-/bn.js-4.11.8.tgz",
      "integrity": "sha512-ItfYfPLkWHUjckQCk8xC+LwxgK8NYcXywGigJgSwOP8Y2iyWT4f2vsZnoOXTTbo+o5yXmIUJ4gn5538SO5S3gA=="
    },
    "brorand": {
      "version": "1.1.0",
      "resolved": "https://registry.npmjs.org/brorand/-/brorand-1.1.0.tgz",
      "integrity": "sha1-EsJe/kCkXjwyPrhnWgoM5XsiNx8="
    },
    "bsaes": {
      "version": "0.0.2",
      "resolved": "https://registry.npmjs.org/bsaes/-/bsaes-0.0.2.tgz",
      "integrity": "sha512-iVxJFMOvCUG85sX2UVpZ9IgvH6Jjc5xpd/W8pALvFE7zfCqHkV7hW3M2XZtpg9biPS0K4Eka96bbNNgLohcpgQ==",
      "requires": {
        "uint32": "^0.2.1"
      }
    },
    "cbor-js": {
      "version": "0.1.0",
      "resolved": "https://registry.npmjs.org/cbor-js/-/cbor-js-0.1.0.tgz",
      "integrity": "sha1-yAzmEg84fo+qdDcN/aIdlluPx/k="
    },
    "debug": {
      "version": "3.1.0",
      "resolved": "https://registry.npmjs.org/debug/-/debug-3.1.0.tgz",
      "integrity": "sha512-OX8XqP7/1a9cqkxYw2yXss15f26NKWBpDXQd0/uK/KPqdQhxbPa994hnzjcE2VqQpDslf55723cKPUOGSmMY3g==",
      "requires": {
        "ms": "2.0.0"
      }
    },
    "deoxysii": {
      "version": "0.0.2",
      "resolved": "https://registry.npmjs.org/deoxysii/-/deoxysii-0.0.2.tgz",
      "integrity": "sha512-mMob/2wDZBatPC48g188hFt5xxrbfYMl9L+XQGOZuHPU4ScCHpAKkbZiAU1yg/kROj6nPKZp5eItuNI3LdU7vA==",
      "requires": {
        "bsaes": "0.0.2",
        "uint32": "^0.2.1"
      }
    },
    "elliptic": {
      "version": "6.3.3",
      "resolved": "https://registry.npmjs.org/elliptic/-/elliptic-6.3.3.tgz",
      "integrity": "sha1-VILZZG1UvLif19mU/J4ulWiHbj8=",
      "requires": {
        "bn.js": "^4.4.0",
        "brorand": "^1.0.1",
        "hash.js": "^1.0.0",
        "inherits": "^2.0.1"
      }
    },
    "ethers": {
      "version": "4.0.33",
      "resolved": "https://registry.npmjs.org/ethers/-/ethers-4.0.33.tgz",
      "integrity": "sha512-lAHkSPzBe0Vj+JrhmkEHLtUEKEheVktIjGDyE9gbzF4zf1vibjYgB57LraDHu4/ItqWVkztgsm8GWqcDMN+6vQ==",
      "requires": {
        "@types/node": "^10.3.2",
        "aes-js": "3.0.0",
        "bn.js": "^4.4.0",
        "elliptic": "6.3.3",
        "hash.js": "1.1.3",
        "js-sha3": "0.5.7",
        "scrypt-js": "2.0.4",
        "setimmediate": "1.0.4",
        "uuid": "2.0.1",
        "xmlhttprequest": "1.8.0"
      },
      "dependencies": {
        "js-sha3": {
          "version": "0.5.7",
          "resolved": "https://registry.npmjs.org/js-sha3/-/js-sha3-0.5.7.tgz",
          "integrity": "sha1-DU/9gALVMzqrr0oj7tL2N0yfKOc="
        }
      }
    },
    "eventemitter3": {
      "version": "3.1.2",
      "resolved": "https://registry.npmjs.org/eventemitter3/-/eventemitter3-3.1.2.tgz",
      "integrity": "sha512-tvtQIeLVHjDkJYnzf2dgVMxfuSGJeM/7UCG17TT4EumTfNtF+0nebF/4zWOIkCreAbtNqhGEboB6BWrwqNaw4Q=="
    },
    "follow-redirects": {
      "version": "1.5.10",
      "resolved": "https://registry.npmjs.org/follow-redirects/-/follow-redirects-1.5.10.tgz",
      "integrity": "sha512-0V5l4Cizzvqt5D44aTXbFZz+FtyXV1vrDN6qrelxtfYQKW0KO0W2T/hkE8xvGa/540LkZlkaUjO4ailYTFtHVQ==",
      "requires": {
        "debug": "=3.1.0"
      }
    },
    "graceful-fs": {
      "version": "4.2.0",
      "resolved": "https://registry.npmjs.org/graceful-fs/-/graceful-fs-4.2.0.tgz",
      "integrity": "sha512-jpSvDPV4Cq/bgtpndIWbI5hmYxhQGHPC4d4cqBPb4DLniCfhJokdXhwhaDuLBGLQdvvRum/UiX6ECVIPvDXqdg=="
    },
    "hash.js": {
      "version": "1.1.3",
      "resolved": "https://registry.npmjs.org/hash.js/-/hash.js-1.1.3.tgz",
      "integrity": "sha512-/UETyP0W22QILqS+6HowevwhEFJ3MBJnwTf75Qob9Wz9t0DPuisL8kW8YZMK62dHAKE1c1p+gY1TtOLY+USEHA==",
      "requires": {
        "inherits": "^2.0.3",
        "minimalistic-assert": "^1.0.0"
      }
    },
    "imurmurhash": {
      "version": "0.1.4",
      "resolved": "https://registry.npmjs.org/imurmurhash/-/imurmurhash-0.1.4.tgz",
      "integrity": "sha1-khi5srkoojixPcT7a21XbyMUU+o="
    },
    "inherits": {
      "version": "2.0.4",
      "resolved": "https://registry.npmjs.org/inherits/-/inherits-2.0.4.tgz",
      "integrity": "sha512-k/vGaX4/Yla3WzyMCvTQOXYeIHvqOKtnqBduzTHpzpQZzAskKMhZ2K+EnBiSM9zGSoIFeMpXKxa4dYeZIQqewQ=="
    },
    "is-buffer": {
      "version": "2.0.3",
      "resolved": "https://registry.npmjs.org/is-buffer/-/is-buffer-2.0.3.tgz",
      "integrity": "sha512-U15Q7MXTuZlrbymiz95PJpZxu8IlipAp4dtS3wOdgPXx3mqBnslrWU14kxfHB+Py/+2PVKSr37dMAgM2A4uArw=="
    },
    "js-sha3": {
      "version": "0.8.0",
      "resolved": "https://registry.npmjs.org/js-sha3/-/js-sha3-0.8.0.tgz",
      "integrity": "sha512-gF1cRrHhIzNfToc802P800N8PpXS+evLLXfsVpowqmAFR9uwbi89WvXg2QspOmXL8QL86J4T1EpFu+yUkwJY3Q=="
    },
    "minimalistic-assert": {
      "version": "1.0.1",
      "resolved": "https://registry.npmjs.org/minimalistic-assert/-/minimalistic-assert-1.0.1.tgz",
      "integrity": "sha512-UtJcAD4yEaGtjPezWuO9wC4nwUnVH/8/Im3yEHQP4b67cXlD/Qr9hdITCU1xDbSEXg2XKNaP8jsReV7vQd00/A=="
    },
    "ms": {
      "version": "2.0.0",
      "resolved": "https://registry.npmjs.org/ms/-/ms-2.0.0.tgz",
      "integrity": "sha1-VgiurfwAvmwpAd9fmGF4jeDVl8g="
    },
    "node-localstorage": {
      "version": "1.3.1",
      "resolved": "https://registry.npmjs.org/node-localstorage/-/node-localstorage-1.3.1.tgz",
      "integrity": "sha512-NMWCSWWc6JbHT5PyWlNT2i8r7PgGYXVntmKawY83k/M0UJScZ5jirb61TLnqKwd815DfBQu+lR3sRw08SPzIaQ==",
      "requires": {
        "write-file-atomic": "^1.1.4"
      }
    },
    "pako": {
      "version": "1.0.10",
      "resolved": "https://registry.npmjs.org/pako/-/pako-1.0.10.tgz",
      "integrity": "sha512-0DTvPVU3ed8+HNXOu5Bs+o//Mbdj9VNQMUOe9oKCwh8l0GNwpTDMKCWbRjgtD291AWnkAgkqA/LOnQS8AmS1tw=="
    },
    "scrypt-js": {
      "version": "2.0.4",
      "resolved": "https://registry.npmjs.org/scrypt-js/-/scrypt-js-2.0.4.tgz",
      "integrity": "sha512-4KsaGcPnuhtCZQCxFxN3GVYIhKFPTdLd8PLC552XwbMndtD0cjRFAhDuuydXQ0h08ZfPgzqe6EKHozpuH74iDw=="
    },
    "setimmediate": {
      "version": "1.0.4",
      "resolved": "https://registry.npmjs.org/setimmediate/-/setimmediate-1.0.4.tgz",
      "integrity": "sha1-IOgd5iLUoCWIzgyNqJc8vPHTE48="
    },
    "slide": {
      "version": "1.1.6",
      "resolved": "https://registry.npmjs.org/slide/-/slide-1.1.6.tgz",
      "integrity": "sha1-VusCfWW00tzmyy4tMsTUr8nh1wc="
    },
    "tweetnacl": {
      "version": "1.0.1",
      "resolved": "https://registry.npmjs.org/tweetnacl/-/tweetnacl-1.0.1.tgz",
      "integrity": "sha512-kcoMoKTPYnoeS50tzoqjPY3Uv9axeuuFAZY9M/9zFnhoVvRfxz9K29IMPD7jGmt2c8SW7i3gT9WqDl2+nV7p4A=="
    },
    "uint32": {
      "version": "0.2.1",
      "resolved": "https://registry.npmjs.org/uint32/-/uint32-0.2.1.tgz",
      "integrity": "sha1-5hjYAtf//Si3CPzOzHMVYIusR/I="
    },
    "uuid": {
      "version": "2.0.1",
      "resolved": "https://registry.npmjs.org/uuid/-/uuid-2.0.1.tgz",
      "integrity": "sha1-wqMN7bPlNdcsz4LjQ5QaULqFM6w="
    },
    "write-file-atomic": {
      "version": "1.3.4",
      "resolved": "https://registry.npmjs.org/write-file-atomic/-/write-file-atomic-1.3.4.tgz",
      "integrity": "sha1-+Aek8LHZ6ROuekgRLmzDrxmRtF8=",
      "requires": {
        "graceful-fs": "^4.1.11",
        "imurmurhash": "^0.1.4",
        "slide": "^1.1.5"
      }
    },
    "ws": {
      "version": "7.4.6",
      "resolved": "https://registry.npmjs.org/ws/-/ws-7.4.6.tgz",
      "integrity": "sha512-YmhHDO4MzaDLB+M9ym/mDA5z0naX8j7SIlT8f8z+I0VtzsRbekxEutHSme7NPS2qE8StCYQNUnfWdXta/Yu85A=="
    },
    "xmlhttprequest": {
      "version": "1.8.0",
      "resolved": "https://registry.npmjs.org/xmlhttprequest/-/xmlhttprequest-1.8.0.tgz",
      "integrity": "sha1-Z/4HXFwk/vOfnWX197f+dRcZaPw="
    }
  }
}
